
Microsoft Visual Studio Solution File, Format Version 12.00
# Visual Studio 15
VisualStudioVersion = 15.0.26228.10
MinimumVisualStudioVersion = 10.0.40219.1
Project("{FAE04EC0-301F-11D3-BF4B-00C04F79EFBC}") = "Fabric.Platform.Logging", "Fabric.Platform.Logging\Fabric.Platform.Logging.csproj", "{6B79B682-23CA-4D39-8828-32D3F3823E47}"
EndProject
Project("{FAE04EC0-301F-11D3-BF4B-00C04F79EFBC}") = "Fabric.Platform.Auth", "Fabric.Platform.Auth\Fabric.Platform.Auth.csproj", "{476A5B82-D813-455D-930E-2E05F5B4F8E7}"
EndProject
Project("{FAE04EC0-301F-11D3-BF4B-00C04F79EFBC}") = "Fabric.Platform.Http", "Fabric.Platform.Http\Fabric.Platform.Http.csproj", "{0DE16880-65D7-44C7-85F7-9C2EBB8A114A}"
EndProject
Project("{FAE04EC0-301F-11D3-BF4B-00C04F79EFBC}") = "Fabric.Platform.Bootstrappers.Nancy", "Fabric.Platform.Bootstrappers.Nancy\Fabric.Platform.Bootstrappers.Nancy.csproj", "{2D016C8E-AE51-4DF1-87DD-DBA8C89ED4AE}"
EndProject
Project("{FAE04EC0-301F-11D3-BF4B-00C04F79EFBC}") = "Fabric.Platform.Shared", "Fabric.Platform.Shared\Fabric.Platform.Shared.csproj", "{800B6CE6-505B-4420-A958-C521982F5377}"
EndProject
Project("{FAE04EC0-301F-11D3-BF4B-00C04F79EFBC}") = "Fabric.Platform.Bootstrappers.AspNetCoreMvc", "Fabric.Platform.Bootstrappers.AspNetCoreMvc\Fabric.Platform.Bootstrappers.AspNetCoreMvc.csproj", "{9D0587F8-60DB-4584-A3DE-C7E9652D3B33}"
EndProject
Project("{FAE04EC0-301F-11D3-BF4B-00C04F79EFBC}") = "Fabric.Platform.UnitTests", "Fabric.Platform.UnitTests\Fabric.Platform.UnitTests.csproj", "{DD2CFCB3-5D0B-4583-8177-5BB26A56C4B3}"
EndProject
Global
	GlobalSection(SolutionConfigurationPlatforms) = preSolution
		Debug|Any CPU = Debug|Any CPU
		Release|Any CPU = Release|Any CPU
	EndGlobalSection
	GlobalSection(ProjectConfigurationPlatforms) = postSolution
		{6B79B682-23CA-4D39-8828-32D3F3823E47}.Debug|Any CPU.ActiveCfg = Debug|Any CPU
		{6B79B682-23CA-4D39-8828-32D3F3823E47}.Debug|Any CPU.Build.0 = Debug|Any CPU
		{6B79B682-23CA-4D39-8828-32D3F3823E47}.Release|Any CPU.ActiveCfg = Release|Any CPU
		{6B79B682-23CA-4D39-8828-32D3F3823E47}.Release|Any CPU.Build.0 = Release|Any CPU
		{476A5B82-D813-455D-930E-2E05F5B4F8E7}.Debug|Any CPU.ActiveCfg = Debug|Any CPU
		{476A5B82-D813-455D-930E-2E05F5B4F8E7}.Debug|Any CPU.Build.0 = Debug|Any CPU
		{476A5B82-D813-455D-930E-2E05F5B4F8E7}.Release|Any CPU.ActiveCfg = Release|Any CPU
		{476A5B82-D813-455D-930E-2E05F5B4F8E7}.Release|Any CPU.Build.0 = Release|Any CPU
		{0DE16880-65D7-44C7-85F7-9C2EBB8A114A}.Debug|Any CPU.ActiveCfg = Debug|Any CPU
		{0DE16880-65D7-44C7-85F7-9C2EBB8A114A}.Debug|Any CPU.Build.0 = Debug|Any CPU
		{0DE16880-65D7-44C7-85F7-9C2EBB8A114A}.Release|Any CPU.ActiveCfg = Release|Any CPU
		{0DE16880-65D7-44C7-85F7-9C2EBB8A114A}.Release|Any CPU.Build.0 = Release|Any CPU
		{2D016C8E-AE51-4DF1-87DD-DBA8C89ED4AE}.Debug|Any CPU.ActiveCfg = Debug|Any CPU
		{2D016C8E-AE51-4DF1-87DD-DBA8C89ED4AE}.Debug|Any CPU.Build.0 = Debug|Any CPU
		{2D016C8E-AE51-4DF1-87DD-DBA8C89ED4AE}.Release|Any CPU.ActiveCfg = Release|Any CPU
		{2D016C8E-AE51-4DF1-87DD-DBA8C89ED4AE}.Release|Any CPU.Build.0 = Release|Any CPU
		{800B6CE6-505B-4420-A958-C521982F5377}.Debug|Any CPU.ActiveCfg = Debug|Any CPU
		{800B6CE6-505B-4420-A958-C521982F5377}.Debug|Any CPU.Build.0 = Debug|Any CPU
		{800B6CE6-505B-4420-A958-C521982F5377}.Release|Any CPU.ActiveCfg = Release|Any CPU
		{800B6CE6-505B-4420-A958-C521982F5377}.Release|Any CPU.Build.0 = Release|Any CPU
		{9D0587F8-60DB-4584-A3DE-C7E9652D3B33}.Debug|Any CPU.ActiveCfg = Debug|Any CPU
		{9D0587F8-60DB-4584-A3DE-C7E9652D3B33}.Debug|Any CPU.Build.0 = Debug|Any CPU
		{9D0587F8-60DB-4584-A3DE-C7E9652D3B33}.Release|Any CPU.ActiveCfg = Release|Any CPU
		{9D0587F8-60DB-4584-A3DE-C7E9652D3B33}.Release|Any CPU.Build.0 = Release|Any CPU
		{DD2CFCB3-5D0B-4583-8177-5BB26A56C4B3}.Debug|Any CPU.ActiveCfg = Debug|Any CPU
		{DD2CFCB3-5D0B-4583-8177-5BB26A56C4B3}.Debug|Any CPU.Build.0 = Debug|Any CPU
		{DD2CFCB3-5D0B-4583-8177-5BB26A56C4B3}.Release|Any CPU.ActiveCfg = Release|Any CPU
		{DD2CFCB3-5D0B-4583-8177-5BB26A56C4B3}.Release|Any CPU.Build.0 = Release|Any CPU
	EndGlobalSection
	GlobalSection(SolutionProperties) = preSolution
		HideSolutionNode = FALSE
	EndGlobalSection
EndGlobal
